
Microsoft Visual Studio Solution File, Format Version 12.00
# Visual Studio Version 17
VisualStudioVersion = 17.5.33627.172
MinimumVisualStudioVersion = 10.0.40219.1
Project("{FAE04EC0-301F-11D3-BF4B-00C04F79EFBC}") = "StockTracking.Application", "StockTracking.Application\StockTracking.Application.csproj", "{A5933652-7815-40DC-B88D-C06B7B9F06B4}"
EndProject
Project("{FAE04EC0-301F-11D3-BF4B-00C04F79EFBC}") = "StockTracking.Core", "StockTracking.Services\StockTracking.Core.csproj", "{45AA11F0-EB55-4D7F-B0A3-8386632D6B3B}"
EndProject
Project("{FAE04EC0-301F-11D3-BF4B-00C04F79EFBC}") = "StockTracking.Services", "StockTracking.Services\StockTracking.Services.csproj", "{767E1E44-6B54-4760-B711-54A6D6E89770}"
EndProject
Global
	GlobalSection(SolutionConfigurationPlatforms) = preSolution
		Debug|Any CPU = Debug|Any CPU
		Release|Any CPU = Release|Any CPU
	EndGlobalSection
	GlobalSection(ProjectConfigurationPlatforms) = postSolution
		{A5933652-7815-40DC-B88D-C06B7B9F06B4}.Debug|Any CPU.ActiveCfg = Debug|Any CPU
		{A5933652-7815-40DC-B88D-C06B7B9F06B4}.Debug|Any CPU.Build.0 = Debug|Any CPU
		{A5933652-7815-40DC-B88D-C06B7B9F06B4}.Release|Any CPU.ActiveCfg = Release|Any CPU
		{A5933652-7815-40DC-B88D-C06B7B9F06B4}.Release|Any CPU.Build.0 = Release|Any CPU
		{45AA11F0-EB55-4D7F-B0A3-8386632D6B3B}.Debug|Any CPU.ActiveCfg = Debug|Any CPU
		{45AA11F0-EB55-4D7F-B0A3-8386632D6B3B}.Debug|Any CPU.Build.0 = Debug|Any CPU
		{45AA11F0-EB55-4D7F-B0A3-8386632D6B3B}.Release|Any CPU.ActiveCfg = Release|Any CPU
		{45AA11F0-EB55-4D7F-B0A3-8386632D6B3B}.Release|Any CPU.Build.0 = Release|Any CPU
		{767E1E44-6B54-4760-B711-54A6D6E89770}.Debug|Any CPU.ActiveCfg = Debug|Any CPU
		{767E1E44-6B54-4760-B711-54A6D6E89770}.Debug|Any CPU.Build.0 = Debug|Any CPU
		{767E1E44-6B54-4760-B711-54A6D6E89770}.Release|Any CPU.ActiveCfg = Release|Any CPU
		{767E1E44-6B54-4760-B711-54A6D6E89770}.Release|Any CPU.Build.0 = Release|Any CPU
	EndGlobalSection
	GlobalSection(SolutionProperties) = preSolution
		HideSolutionNode = FALSE
	EndGlobalSection
	GlobalSection(ExtensibilityGlobals) = postSolution
		SolutionGuid = {FEE7A408-2CE3-45F8-A696-71870ABFDB36}
	EndGlobalSection
EndGlobal
